
Microsoft Visual Studio Solution File, Format Version 12.00
# Visual Studio Version 17
VisualStudioVersion = 17.5.33530.505
MinimumVisualStudioVersion = 10.0.40219.1
Project("{FAE04EC0-301F-11D3-BF4B-00C04F79EFBC}") = "Homework", "Homework\Homework.csproj", "{E45303B4-8282-4C1C-B57B-2137F392FFE8}"
EndProject
Global
	GlobalSection(SolutionConfigurationPlatforms) = preSolution
		Debug|Any CPU = Debug|Any CPU
		Release|Any CPU = Release|Any CPU
	EndGlobalSection
	GlobalSection(ProjectConfigurationPlatforms) = postSolution
		{E45303B4-8282-4C1C-B57B-2137F392FFE8}.Debug|Any CPU.ActiveCfg = Debug|Any CPU
		{E45303B4-8282-4C1C-B57B-2137F392FFE8}.Debug|Any CPU.Build.0 = Debug|Any CPU
		{E45303B4-8282-4C1C-B57B-2137F392FFE8}.Release|Any CPU.ActiveCfg = Release|Any CPU
		{E45303B4-8282-4C1C-B57B-2137F392FFE8}.Release|Any CPU.Build.0 = Release|Any CPU
	EndGlobalSection
	GlobalSection(SolutionProperties) = preSolution
		HideSolutionNode = FALSE
	EndGlobalSection
	GlobalSection(ExtensibilityGlobals) = postSolution
		SolutionGuid = {6000E2A6-75E2-4F00-AD98-9681E8F5BDA2}
	EndGlobalSection
EndGlobal
